{
  "version": 4,
  "terraform_version": "1.14.9",
  "serial": 41,
  "lineage": "a5c8b3a7-7ace-3444-8b81-3e581b97d50c",
  "outputs": {
    "aws_account_id": {
      "value": "954976310009",
      "type": "string"
    },
    "cluster_endpoint": {
      "value": "https://EFE7C61D70B2B6A1781E9FCEB06E1F5E.gr7.us-east-1.eks.amazonaws.com",
      "type": "string"
    },
    "cluster_name": {
      "value": "teletrack360",
      "type": "string"
    },
    "configure_kubectl": {
      "value": "aws eks update-kubeconfig --name teletrack360 --region us-east-1",
      "type": "string"
    },
    "github_actions_role_arn": {
      "value": "arn:aws:iam::954976310009:role/teletrack360-github-actions",
      "type": "string"
    }
  },
  "resources": [
    {
      "mode": "data",
      "type": "aws_availability_zones",
      "name": "available",
      "provider": "provider[\"registry.terraform.io/hashicorp/aws\"]",
      "instances": [
        {
          "schema_version": 0,
          "attributes": {
            "all_availability_zones": null,
            "exclude_names": null,
            "exclude_zone_ids": null,
            "filter": null,
            "group_names": [
              "us-east-1-zg-1"
            ],
            "id": "us-east-1",
            "names": [
              "us-east-1a",
              "us-east-1b",
              "us-east-1c",
              "us-east-1d",
              "us-east-1e",
              "us-east-1f"
            ],
            "state": "available",
            "timeouts": null,
            "zone_ids": [
              "use1-az1",
              "use1-az2",
              "use1-az4",
              "use1-az6",
              "use1-az3",
              "use1-az5"
            ]
          },
          "sensitive_attributes": [],
          "identity_schema_version": 0
        }
      ]
    },
    {
      "mode": "data",
      "type": "aws_caller_identity",
      "name": "current",
      "provider": "provider[\"registry.terraform.io/hashicorp/aws\"]",
      "instances": [
        {
          "schema_version": 0,
          "attributes": {
            "account_id": "954976310009",
            "arn": "arn:aws:iam::954976310009:user/teletrack_demo",
            "id": "954976310009",
            "user_id": "AIDA54WIGCL42EHSZPBP6"
          },
          "sensitive_attributes": [],
          "identity_schema_version": 0
        }
      ]
    },
    {
      "mode": "data",
      "type": "tls_certificate",
      "name": "eks",
      "provider": "provider[\"registry.terraform.io/hashicorp/tls\"]",
      "instances": [
        {
          "schema_version": 0,
          "attributes": {
            "certificates": [
              {
                "cert_pem": "-----BEGIN CERTIFICATE-----\nMIIEkjCCA3qgAwIBAgITBn+USionzfP6wq4rAfkI7rnExjANBgkqhkiG9w0BAQsF\nADCBmDELMAkGA1UEBhMCVVMxEDAOBgNVBAgTB0FyaXpvbmExEzARBgNVBAcTClNj\nb3R0c2RhbGUxJTAjBgNVBAoTHFN0YXJmaWVsZCBUZWNobm9sb2dpZXMsIEluYy4x\nOzA5BgNVBAMTMlN0YXJmaWVsZCBTZXJ2aWNlcyBSb290IENlcnRpZmljYXRlIEF1\ndGhvcml0eSAtIEcyMB4XDTE1MDUyNTEyMDAwMFoXDTM3MTIzMTAxMDAwMFowOTEL\nMAkGA1UEBhMCVVMxDzANBgNVBAoTBkFtYXpvbjEZMBcGA1UEAxMQQW1hem9uIFJv\nb3QgQ0EgMTCCASIwDQYJKoZIhvcNAQEBBQADggEPADCCAQoCggEBALJ4gHHKeNXj\nca9HgFB0fW7Y14h29Jlo91ghYPl0hAEvrAIthtOgQ3pOsqTQNroBvo3bSMgHFzZM\n9O6II8c+6zf1tRn4SWiw3te5djgdYZ6k/oI2peVKVuRF4fn9tBb6dNqcmzU5L/qw\nIFAGbHrQgLKm+a/sRxmPUDgH3KKHOVj4utWp+UhnMJbulHheb4mjUcAwhmahRWa6\nVOujw5H5SNz/0egwLX0tdHA114gk957EWW67c4cX8jJGKLhD+rcdqsq08p8kDi1L\n93FcXmn/6pUCyziKrlA4b9v7LWIbxcceVOF34GfID5yHI9Y/QCB/IIDEgEw+OyQm\njgSubJrIqg0CAwEAAaOCATEwggEtMA8GA1UdEwEB/wQFMAMBAf8wDgYDVR0PAQH/\nBAQDAgGGMB0GA1UdDgQWBBSEGMyFNOy8DJSULghZnMeyEE4KCDAfBgNVHSMEGDAW\ngBScXwDfqgHXMCs4iKK4bUqc8hGRgzB4BggrBgEFBQcBAQRsMGowLgYIKwYBBQUH\nMAGGImh0dHA6Ly9vY3NwLnJvb3RnMi5hbWF6b250cnVzdC5jb20wOAYIKwYBBQUH\nMAKGLGh0dHA6Ly9jcnQucm9vdGcyLmFtYXpvbnRydXN0LmNvbS9yb290ZzIuY2Vy\nMD0GA1UdHwQ2MDQwMqAwoC6GLGh0dHA6Ly9jcmwucm9vdGcyLmFtYXpvbnRydXN0\nLmNvbS9yb290ZzIuY3JsMBEGA1UdIAQKMAgwBgYEVR0gADANBgkqhkiG9w0BAQsF\nAAOCAQEAYjdCXLwQtT6LLOkMm2xF4gcAevnFWAu5CIw+7bMlPLVvUOTNNWqnkzSW\nMiGpSESrnO09tKpzbeR/FoCJbM8oAxiDR3mjEH4wW6w7sGDgd9QIpuEdfF7Au/ma\neyKdpwAJfqxGF4PcnCZXmTA5YpaP7dreqsXMGz7KQ2hsVxa81Q4gLv7/wmpdLqBK\nbRRYh5TmOTFffHPLkIhqhBGWJ6bt2YFGpn6jcgAKUj6DiAdjd4lpFw85hdKrCEVN\n0FE6/V1dN2RMfjCyVSRCnTawXZwXgWHxyvkQAiSr6w10kY17RSlQOYiypok1JR4U\nakcjMS9cmvqtmg5iUaQqqcT5NJ0hGA==\n-----END CERTIFICATE-----\n",
                "is_ca": true,
                "issuer": "CN=Starfield Services Root Certificate Authority - G2,O=Starfield Technologies\\, Inc.,L=Scottsdale,ST=Arizona,C=US",
                "max_path_length": -1,
                "not_after": "2037-12-31T01:00:00Z",
                "not_before": "2015-05-25T12:00:00Z",
                "public_key_algorithm": "RSA",
                "serial_number": "144918191876577076464031512351042010504348870",
                "sha1_fingerprint": "06b25927c42a721631c1efd9431e648fa62e1e39",
                "signature_algorithm": "SHA256-RSA",
                "subject": "CN=Amazon Root CA 1,O=Amazon,C=US",
                "version": 3
              },
              {
                "cert_pem": "-----BEGIN CERTIFICATE-----\nMIIEXjCCA0agAwIBAgITB3MSOAudZoijOx7Zv5zNpo4ODzANBgkqhkiG9w0BAQsF\nADA5MQswCQYDVQQGEwJVUzEPMA0GA1UEChMGQW1hem9uMRkwFwYDVQQDExBBbWF6\nb24gUm9vdCBDQSAxMB4XDTIyMDgyMzIyMjEyOFoXDTMwMDgyMzIyMjEyOFowPDEL\nMAkGA1UEBhMCVVMxDzANBgNVBAoTBkFtYXpvbjEcMBoGA1UEAxMTQW1hem9uIFJT\nQSAyMDQ4IE0wMTCCASIwDQYJKoZIhvcNAQEBBQADggEPADCCAQoCggEBAOtxLKnL\nH4gokjIwr4pXD3i3NyWVVYesZ1yX0yLI2qIUZ2t88Gfa4gMqs1YSXca1R/lnCKeT\nepWSGA+0+fkQNpp/L4C2T7oTTsddUx7g3ZYzByDTlrwS5HRQQqEFE3O1T5tEJP4t\nf+28IoXsNiEzl3UGzicYgtzj2cWCB41eJgEmJmcf2T8TzzK6a614ZPyq/w4CPAff\nnAV4coz96nW3AyiE2uhuB4zQUIXvgVSycW7sbWLvj5TDXunEpNCRwC4kkZjK7rol\njtT2cbb7W2s4Bkg3R42G3PLqBvt2N32e/0JOTViCk8/iccJ4sXqrS1uUN4iB5Nmv\nJK74csVl+0u0UecCAwEAAaOCAVowggFWMBIGA1UdEwEB/wQIMAYBAf8CAQAwDgYD\nVR0PAQH/BAQDAgGGMB0GA1UdJQQWMBQGCCsGAQUFBwMBBggrBgEFBQcDAjAdBgNV\nHQ4EFgQUgbgOY4qJEhjl+js7UJWf5uWQE4UwHwYDVR0jBBgwFoAUhBjMhTTsvAyU\nlC4IWZzHshBOCggwewYIKwYBBQUHAQEEbzBtMC8GCCsGAQUFBzABhiNodHRwOi8v\nb2NzcC5yb290Y2ExLmFtYXpvbnRydXN0LmNvbTA6BggrBgEFBQcwAoYuaHR0cDov\nL2NydC5yb290Y2ExLmFtYXpvbnRydXN0LmNvbS9yb290Y2ExLmNlcjA/BgNVHR8E\nODA2MDSgMqAwhi5odHRwOi8vY3JsLnJvb3RjYTEuYW1hem9udHJ1c3QuY29tL3Jv\nb3RjYTEuY3JsMBMGA1UdIAQMMAowCAYGZ4EMAQIBMA0GCSqGSIb3DQEBCwUAA4IB\nAQCtAN4CBSMuBjJitGuxlBbkEUDeK/pZwTXv4KqPK0G50fOHOQAd8j21p0cMBgbG\nkfMHVwLU7b0XwZCav0h1ogdPMN1KakK1DT0VwA/+hFvGPJnMV1Kx2G4S1ZaSk0uU\n5QfoiYIIano01J5k4T2HapKQmmOhS/iPtuo00wW+IMLeBuKMn3OLn005hcrOGTad\nhcmeyfhQP7Z+iKHvyoQGi1C0ClymHETx/chhQGDyYSWqB/THwnN15AwLQo0E5V9E\nSJlbe4mBlqeInUsNYugExNf+tOiybcrswBy8OFsd34XOW3rjSUtsuafd9AWySa3h\nxRRrwszrzX/WWGm6wyB+f7C4\n-----END CERTIFICATE-----\n",
                "is_ca": true,
                "issuer": "CN=Amazon Root CA 1,O=Amazon,C=US",
                "max_path_length": 0,
                "not_after": "2030-08-23T22:21:28Z",
                "not_before": "2022-08-23T22:21:28Z",
                "public_key_algorithm": "RSA",
                "serial_number": "166129328851546858514271303855646110030630415",
                "sha1_fingerprint": "2ad974a775f73cbdbbd8f5ac3a49255fa8fb1f8c",
                "signature_algorithm": "SHA256-RSA",
                "subject": "CN=Amazon RSA 2048 M01,O=Amazon,C=US",
                "version": 3
              },
              {
                "cert_pem": "-----BEGIN CERTIFICATE-----\nMIIF3DCCBMSgAwIBAgIQDWSUrLO5Y9qkm2y4CpQ/CTANBgkqhkiG9w0BAQsFADA8\nMQswCQYDVQQGEwJVUzEPMA0GA1UEChMGQW1hem9uMRwwGgYDVQQDExNBbWF6b24g\nUlNBIDIwNDggTTAxMB4XDTI2MDEyNzAwMDAwMFoXDTI3MDIyNTIzNTk1OVowKDEm\nMCQGA1UEAwwdKi5la3MudXMtZWFzdC0xLmFtYXpvbmF3cy5jb20wggEiMA0GCSqG\nSIb3DQEBAQUAA4IBDwAwggEKAoIBAQDjfWC3ScmP3Yt3ENQgpvZzbXg3ZqdR+F5k\n/SIXqF2RRdrDIu3B0CivVPkNbZxS4dUjum7WHRV3+cjhne679pLBzKp/aCqycyVr\nqiGvPsCOywSNgCQ7KGZ7fR9L0o4eQ5vsotNTjF1HDkoVGdjDt8qjFedVngnnLZ2f\n9E/tACJHoCXLbg1BLI/0xXQKZqLiLGUgcLhnZjYn6AW8QgXgGyJMwHo6n13wf8uY\n3RAaOWMsTglOfMrPMKclQBwh4OaWzHD3SLXnjAvdtuErZGWSz01pRY89FfxZWtSf\nxGG+ERvHMAoM2lIbV74Bs0B+qVVAxP658rpMbPevtRrlj+fYkFzvAgMBAAGjggLs\nMIIC6DAfBgNVHSMEGDAWgBSBuA5jiokSGOX6OztQlZ/m5ZAThTAdBgNVHQ4EFgQU\npzXKZp4CIP0/n8bNGf3YAZVaFtIwKAYDVR0RBCEwH4IdKi5la3MudXMtZWFzdC0x\nLmFtYXpvbmF3cy5jb20wEwYDVR0gBAwwCjAIBgZngQwBAgEwDgYDVR0PAQH/BAQD\nAgWgMBMGA1UdJQQMMAoGCCsGAQUFBwMBMDsGA1UdHwQ0MDIwMKAuoCyGKmh0dHA6\nLy9jcmwucjJtMDEuYW1hem9udHJ1c3QuY29tL3IybTAxLmNybDB1BggrBgEFBQcB\nAQRpMGcwLQYIKwYBBQUHMAGGIWh0dHA6Ly9vY3NwLnIybTAxLmFtYXpvbnRydXN0\nLmNvbTA2BggrBgEFBQcwAoYqaHR0cDovL2NydC5yMm0wMS5hbWF6b250cnVzdC5j\nb20vcjJtMDEuY2VyMAwGA1UdEwEB/wQCMAAwggF+BgorBgEEAdZ5AgQCBIIBbgSC\nAWoBaAB1AExj3JjlnB2riPYeij3ero+rRKM3e1+blMP7oZz8wb4mAAABm/3p2vcA\nAAQDAEYwRAIgOCwhiOx8FXqVNu1L+Mv2q8pJCKzIqLFwCE6VAugMkb0CIBu7W9o8\nRWfC1A9XjVWFxJ0uIquBPcEycQMNc8pRKAJFAHcAHJ9oLOn68EVpUPgbloqH3dsy\nENhM5siy44JSSsTPWZ8AAAGb/ena3wAABAMASDBGAiEAjAu69L5N17FqPfmXSt1v\ngM+df4yz50M/fb2LDfmx+xECIQC3B3aoHVNsjqYMmqwQgR4ViKIREwNzCYKBm+W0\nGnlwnwB2AGBMmq96f3dfAdQG/JINyJnrCxx9+MlSG/r6F3c7l4vJAAABm/3p28gA\nAAQDAEcwRQIgMiBVCk6C4EylG885QJIv8X2wpplMtdWJxyt3JVQ56NUCIQC6uZDM\nw0VrwTXkW4eLg73D5Z89Z8tadQwizoXyjBAaYjANBgkqhkiG9w0BAQsFAAOCAQEA\nHMEZInJfTjgc0JTF+C7ZR/8rk1c511SMI9RcmNjnrkoP3pBPQTSEU92bGaCYvOYO\nRMB1bAOk/Ql9kDBSRDcKiOz8wPWZBgyJZRMSVyO5WbLM//8jsP83vmvFNbSo7Tuk\n5R6KAtzOMOymwITZeM6k4saoyB847rmlPDIkD/RRM0Col+Ik8+V3HSdHsnrA/3Ep\n1ICdUJvE0M9oEnbO2DWrCz6yOuz0AcfcmMGTBLqlsFdoJpcXj7c1QcCJaK1B7qaQ\nuQXdywqElVO6BrBxHQROLxjLHXMNblOzvrXYWGkhiQ+0cYYCMBtbhpphhebxnUBV\nuCxvp9/yY1GmsG6lwzLYEw==\n-----END CERTIFICATE-----\n",
                "is_ca": false,
                "issuer": "CN=Amazon RSA 2048 M01,O=Amazon,C=US",
                "max_path_length": -1,
                "not_after": "2027-02-25T23:59:59Z",
                "not_before": "2026-01-27T00:00:00Z",
                "public_key_algorithm": "RSA",
                "serial_number": "17802209110544621593474031143248740105",
                "sha1_fingerprint": "37647fee5fc063960139521aa2400c75db27825b",
                "signature_algorithm": "SHA256-RSA",
                "subject": "CN=*.eks.us-east-1.amazonaws.com",
                "version": 3
              }
            ],
            "content": null,
            "id": "b1b539daa206035ae3c3e28288b0681fa1b462f3",
            "url": "https://oidc.eks.us-east-1.amazonaws.com/id/EFE7C61D70B2B6A1781E9FCEB06E1F5E",
            "verify_chain": true
          },
          "sensitive_attributes": [],
          "identity_schema_version": 0
        }
      ]
    },
    {
      "mode": "data",
      "type": "tls_certificate",
      "name": "github",
      "provider": "provider[\"registry.terraform.io/hashicorp/tls\"]",
      "instances": [
        {
          "schema_version": 0,
          "attributes": {
            "certificates": [
              {
                "cert_pem": "-----BEGIN CERTIFICATE-----\nMIIGlTCCBH2gAwIBAgIRANJ/u8HeNZ5SFq1hSVhgmcQwDQYJKoZIhvcNAQEMBQAw\ngYgxCzAJBgNVBAYTAlVTMRMwEQYDVQQIEwpOZXcgSmVyc2V5MRQwEgYDVQQHEwtK\nZXJzZXkgQ2l0eTEeMBwGA1UEChMVVGhlIFVTRVJUUlVTVCBOZXR3b3JrMS4wLAYD\nVQQDEyVVU0VSVHJ1c3QgUlNBIENlcnRpZmljYXRpb24gQXV0aG9yaXR5MB4XDTIx\nMDMyMjAwMDAwMFoXDTM4MDExODIzNTk1OVowXzELMAkGA1UEBhMCR0IxGDAWBgNV\nBAoTD1NlY3RpZ28gTGltaXRlZDE2MDQGA1UEAxMtU2VjdGlnbyBQdWJsaWMgU2Vy\ndmVyIEF1dGhlbnRpY2F0aW9uIFJvb3QgUjQ2MIICIjANBgkqhkiG9w0BAQEFAAOC\nAg8AMIICCgKCAgEAk77VNlJ12AEjoBxHQknuY7a3If3EldVIKyZ8FFMQ2nn9K7ct\npNQs+uoy3UnCub0PSD17WphUr55dMXRPB/xQId2kz2hPGxJjbSWZTCqZ80gwYfqB\nfB6nCErcPiscHxhMcao1jK34bug7StnllALWiYQTqm3ITzPMUJY3kjPcX4jnn1TZ\nSPCYQ9Zm/Z8XOEPFAVEL1+MjDxRdWxTnS77d9MjaAzfR1jmhIVEwg7Bt1zBOlluR\n8HAkq79FgWRDDb0hOi886Z4NyyC1QifM2m+b7mQwkDnNk2WBITG1I1AzNyLjOO34\nMTDMRf5i+dFdMnlCh99qzFYZQE3Oqrv5tXZJlPEn+JGlg+UGs2MOgNzgElWApjtm\ntDmHLcjw0NEU6eQNTQ72XVdyxTscR1ad4tX7gWGMzE2AkDRbt9cUddzYBEifwMEo\niLTpHMqnsfFWt3tJTFnlIBWohAIp+jiUaZpJBo/NH3kUFxIMg3reH7GX7vmXeCik\nyESS6X0mBaZYcpt5E9gRX67FOGI0aLKGMI74kGGeMmz1BzbNokxu7Io27fLmmRVE\ncMN8vJw5wLTha/eDJSNX2RKA5UnwdQ/vjescm1QotCE8/HwK/+97a3X/ix2gGQWr\n+vgrgULoOLq7+6r9PeDzyt9Ol5cp7fMYVumllqy9w5CYsuD5otSmR0N8bc8CAwEA\nAaOCASAwggEcMB8GA1UdIwQYMBaAFFN5v1qqK0rPVIDh2JvAnfKyA2bLMB0GA1Ud\nDgQWBBRWc1hklfmSGrASKgRieaFAFYghSTAOBgNVHQ8BAf8EBAMCAYYwDwYDVR0T\nAQH/BAUwAwEB/zAdBgNVHSUEFjAUBggrBgEFBQcDAQYIKwYBBQUHAwIwEQYDVR0g\nBAowCDAGBgRVHSAAMFAGA1UdHwRJMEcwRaBDoEGGP2h0dHA6Ly9jcmwudXNlcnRy\ndXN0LmNvbS9VU0VSVHJ1c3RSU0FDZXJ0aWZpY2F0aW9uQXV0aG9yaXR5LmNybDA1\nBggrBgEFBQcBAQQpMCcwJQYIKwYBBQUHMAGGGWh0dHA6Ly9vY3NwLnVzZXJ0cnVz\ndC5jb20wDQYJKoZIhvcNAQEMBQADggIBADpvBIlq7bMU0cFDT/9P9+BsgCkRgQs0\nS6Bf7vJSlWMHwby0VGvxCS0hrbi0K2BINZbEbsVsgpQq04431yyoVn3Hldorgq24\nRldRDOOipEZDTFB9wC9HYt1thHF00XeG2C8KC1plwoEzKAIhPvefI/C3cT0CfTXJ\nuFjUbKIgSwjNjw6YHtLgoy/hd5+JLUlLco/gzFX/qWbT7tEquOMYpsNKWZj8TLqP\nq6zMiG4Na6feEZte6YPXGrMWlTWN341vDedc+yxQqSug79HJUQcOZs7KyDWztmae\nQxsPE49UV/8XwrfZtZaYyrs4FpD94Z4Q8dzXGL8+qEJjxgcza7W6PROaClubavd1\nVKPm8+aCW77u7SxpR2TFGL6kPdxsKyFijpcunR5V79sUyROfNdzjrAcFWZXK8sbb\n9FlnwuVG677JLv+ZVTX5AxLvW5OB4zt5uS+zB62wJ/Wv+jXGAttSAcJec4iFgCWH\nRvdi/jJoSzRLa3nEzx6pFIzclSCnh0u1xCeLcUBypSiPga8W+6PkuoyQq8U9qs9E\noxG5NvrvlyshwUS9yvcZRGw7Ljlx4jJH/BhIPR8kIBCQj1vna9TziZOrw1Of8hDU\nbHKFG9Pm8Dp2vbjz/2JH39qvxshPKVllGfq+5klPm7yZRUYTiCMAbqwNdL/nsqF2\nRnnyp58XRStJ\n-----END CERTIFICATE-----\n",
                "is_ca": true,
                "issuer": "CN=USERTrust RSA Certification Authority,O=The USERTRUST Network,L=Jersey City,ST=New Jersey,C=US",
                "max_path_length": -1,
                "not_after": "2038-01-18T23:59:59Z",
                "not_before": "2021-03-22T00:00:00Z",
                "public_key_algorithm": "RSA",
                "serial_number": "279801108986267997430958846641392622020",
                "sha1_fingerprint": "2b18947a6a9fc7764fd8b5fb18a863b0c6dac24f",
                "signature_algorithm": "SHA384-RSA",
                "subject": "CN=Sectigo Public Server Authentication Root R46,O=Sectigo Limited,C=GB",
                "version": 3
              },
              {
                "cert_pem": "-----BEGIN CERTIFICATE-----\nMIIGTDCCBDSgAwIBAgIQOXpmzCdWNi4NqofKbqvjsTANBgkqhkiG9w0BAQwFADBf\nMQswCQYDVQQGEwJHQjEYMBYGA1UEChMPU2VjdGlnbyBMaW1pdGVkMTYwNAYDVQQD\nEy1TZWN0aWdvIFB1YmxpYyBTZXJ2ZXIgQXV0aGVudGljYXRpb24gUm9vdCBSNDYw\nHhcNMjEwMzIyMDAwMDAwWhcNMzYwMzIxMjM1OTU5WjBgMQswCQYDVQQGEwJHQjEY\nMBYGA1UEChMPU2VjdGlnbyBMaW1pdGVkMTcwNQYDVQQDEy5TZWN0aWdvIFB1Ymxp\nYyBTZXJ2ZXIgQXV0aGVudGljYXRpb24gQ0EgRFYgUjM2MIIBojANBgkqhkiG9w0B\nAQEFAAOCAY8AMIIBigKCAYEAljZf2HIz7+SPUPQCQObZYcrxLTHYdf1ZtMRe7Yeq\nRPSwygz16qJ9cAWtWNTcuICc++p8Dct7zNGxCpqmEtqifO7NvuB5dEVexXn9RFFH\n12Hm+NtPRQgXIFjx6MSJcNWuVO3XGE57L1mHlcQYj+g4hny90aFh2SCZCDEVkAja\nEMMfYPKuCjHuuF+bzHFb/9gV8P9+ekcHENF2nR1efGWSKwnfG5RawlkaQDpRtZTm\nM64TIsv/r7cyFO4nSjs1jLdXYdz5q3a4L0NoabZfbdxVb+CUEHfB0bpulZQtH1Rv\n38e/lIdP7OTTIlZh6OYL6NhxP8So0/sht/4J9mqIGxRFc0/pC8suja+wcIUna0HB\npXKfXTKpzgis+zmXDL06ASJf5E4A2/m+Hp6b84sfPAwQ766rI65mh50S0Di9E3Pn\n2WcaJc+PILsBmYpgtmgWTR9eV9otfKRUBfzHUHcVgarub/XluEpRlTtZudU5xbFN\nxx/DgMrXLUAPaI60fZ6wA+PTAgMBAAGjggGBMIIBfTAfBgNVHSMEGDAWgBRWc1hk\nlfmSGrASKgRieaFAFYghSTAdBgNVHQ4EFgQUaMASFhgOr872h6YyV6NGUV3LBycw\nDgYDVR0PAQH/BAQDAgGGMBIGA1UdEwEB/wQIMAYBAf8CAQAwHQYDVR0lBBYwFAYI\nKwYBBQUHAwEGCCsGAQUFBwMCMBsGA1UdIAQUMBIwBgYEVR0gADAIBgZngQwBAgEw\nVAYDVR0fBE0wSzBJoEegRYZDaHR0cDovL2NybC5zZWN0aWdvLmNvbS9TZWN0aWdv\nUHVibGljU2VydmVyQXV0aGVudGljYXRpb25Sb290UjQ2LmNybDCBhAYIKwYBBQUH\nAQEEeDB2ME8GCCsGAQUFBzAChkNodHRwOi8vY3J0LnNlY3RpZ28uY29tL1NlY3Rp\nZ29QdWJsaWNTZXJ2ZXJBdXRoZW50aWNhdGlvblJvb3RSNDYucDdjMCMGCCsGAQUF\nBzABhhdodHRwOi8vb2NzcC5zZWN0aWdvLmNvbTANBgkqhkiG9w0BAQwFAAOCAgEA\nYtOC9Fy+TqECFw40IospI92kLGgoSZGPOSQXMBqmsGWZUQ7rux7cj1du6d9rD6C8\nze1B2eQjkrGkIL/OF1s7vSmgYVafsRoZd/IHUrkoQvX8FZwUsmPu7amgBfaY3g+d\nq1x0jNGKb6I6Bzdl6LgMD9qxp+3i7GQOnd9J8LFSietY6Z4jUBzVoOoz8iAU84OF\nh2HhAuiPw1ai0VnY38RTI+8kepGWVfGxfBWzwH9uIjeooIeaosVFvE8cmYUB4TSH\n5dUyD0jHct2+8ceKEtIoFU/FfHq/mDaVnvcDCZXtIgitdMFQdMZaVehmObyhRdDD\n4NQCs0gaI9AAgFj4L9QtkARzhQLNyRf87Kln+YU0lgCGr9HLg3rGO8q+Y4ppLsOd\nunQZ6ZxPNGIfOApbPVf5hCe58EZwiWdHIMn9lPP6+F404y8NNugbQixBber+x536\nWrZhFZLjEkhp7fFXf9r32rNPfb74X/U90Bdy4lzp3+X1ukh1BuMxA/EEhDoTOS3l\n7ABvc7BYSQubQ2490OcdkIzUh3ZwDrakMVrbaTxUM2p24N6dB+ns2zptWCva6jzW\nr8IWKIMxzxLPv5Kt3ePKcUdvkBU/smqujSczTzzSjIoR5QqQA6lN1ZRSnuHIWCvh\nJEltkYnTAH41QJ6SAWO66GrrUESwN/cgZzL4JLEqz1Y=\n-----END CERTIFICATE-----\n",
                "is_ca": true,
                "issuer": "CN=Sectigo Public Server Authentication Root R46,O=Sectigo Limited,C=GB",
                "max_path_length": 0,
                "not_after": "2036-03-21T23:59:59Z",
                "not_before": "2021-03-22T00:00:00Z",
                "public_key_algorithm": "RSA",
                "serial_number": "76401540956980317967350201603557417905",
                "sha1_fingerprint": "dd55b4520291e276588f0dd02fafd83a7368e0fa",
                "signature_algorithm": "SHA384-RSA",
                "subject": "CN=Sectigo Public Server Authentication CA DV R36,O=Sectigo Limited,C=GB",
                "version": 3
              },
              {
                "cert_pem": "-----BEGIN CERTIFICATE-----\nMIIHuDCCBiCgAwIBAgIQQpoM0ALJqV2GN3xNM4T2OjANBgkqhkiG9w0BAQwFADBg\nMQswCQYDVQQGEwJHQjEYMBYGA1UEChMPU2VjdGlnbyBMaW1pdGVkMTcwNQYDVQQD\nEy5TZWN0aWdvIFB1YmxpYyBTZXJ2ZXIgQXV0aGVudGljYXRpb24gQ0EgRFYgUjM2\nMB4XDTI1MDYxMDAwMDAwMFoXDTI2MDYxMDIzNTk1OVowKjEoMCYGA1UEAwwfKi5h\nY3Rpb25zLmdpdGh1YnVzZXJjb250ZW50LmNvbTCCAiIwDQYJKoZIhvcNAQEBBQAD\nggIPADCCAgoCggIBANwvpdsZH4sqaZi93aUO0fMlanlA+9q37qP6fIK7jrhSen2r\nYbJadNPyIc2j2B/iAs+MRBnxfpkNpCpwNZtWJA4LH3YhINRqD/Dt+Xixlkulc8Ga\ner+4EcP1HjqH1pxxVfAMlOfFxFvAWWXA2B4W3PIzPN0r/cGE1RwNTx6PCnIAC06u\nH1NOIGikEwZ11pxGVSc4Ah+LqfnRUfPdmAPONDbnEFyBzq83jKrNQujt/bgncsdt\nZjT3Mq4FGRHDRcsIsVet79wOG3yylFF9Vpnwk6Knzv4pTRnsx+Q2APXAMVIJk3Zn\ns7jmDFmthyWqvL7Ox4lSw5Nf/cG8Dz5OyjKsmQKYGN3CXuBlOML4xyIN/hJ8I6N9\n05swoOBFeSVEIhIaPRakW+TzMS7/G5vi42P+Qr/xQqkpX0bvLTRGq9/5utTA+G8k\nlpKZoXv2wEdaiSVbU9IBRYusoNTCiOiagSXOj2FerI1AH2005UBpi9yfIBJpJXyw\n/BTSPxuELjoa2YCNe4CB4NHJOUEeTScNJhLBdLljiP/909EbvGKDqxXvVCLZLeVe\nqj1ONO41woCic5Esx7IeOeT8+/6U/B+yigBNg4EHOnafFDt6JCs7QCggziSR/I6b\nEtRWsgkysYoi04Ch70820xfRfkoBD0a5ek84gy4cNL3fzJyWp+urwXkZcNcrAgMB\nAAGjggMiMIIDHjAfBgNVHSMEGDAWgBRowBIWGA6vzvaHpjJXo0ZRXcsHJzAdBgNV\nHQ4EFgQUNvfYmW3BgodYLPPz/xli4dQRV90wDgYDVR0PAQH/BAQDAgWgMAwGA1Ud\nEwEB/wQCMAAwHQYDVR0lBBYwFAYIKwYBBQUHAwEGCCsGAQUFBwMCMEkGA1UdIARC\nMEAwNAYLKwYBBAGyMQECAgcwJTAjBggrBgEFBQcCARYXaHR0cHM6Ly9zZWN0aWdv\nLmNvbS9DUFMwCAYGZ4EMAQIBMIGEBggrBgEFBQcBAQR4MHYwTwYIKwYBBQUHMAKG\nQ2h0dHA6Ly9jcnQuc2VjdGlnby5jb20vU2VjdGlnb1B1YmxpY1NlcnZlckF1dGhl\nbnRpY2F0aW9uQ0FEVlIzNi5jcnQwIwYIKwYBBQUHMAGGF2h0dHA6Ly9vY3NwLnNl\nY3RpZ28uY29tMIIBgAYKKwYBBAHWeQIEAgSCAXAEggFsAWoAdwCWl2S/VViXrfdD\nh2g3CEJ36fA61fak8zZuRqQ/D8qpxgAAAZdat61EAAAEAwBIMEYCIQCA65MwsKyq\nFxSrXqhQR162ZRVldScjNerb+51MWqi4OQIhANk0Ah6wTitCDLqYwkX0KL0ccREH\nfsEoXS+P+y9j1zCdAHcAGYbUxyiqb/66A294Kk0BkarOLXIxD67OXXBBLSVMx9QA\nAAGXWretMAAABAMASDBGAiEAiTj7Lf7XXQo+NcR/gHZ0yMGH20jlJkVUXQYXlJWk\nUjACIQCTfipxukvVKmCpD/rBnyM7OO5aNRZ+Dg0qMa9YHxvxCwB2AA5XlLzzrqk+\nMxssmQez95Dfm8I9cTIl3SGpJaxhxU4hAAABl1q3rREAAAQDAEcwRQIgI7KUJeAI\nkh36VrL7lW7QGYCNLm+yrSHFEe6SfV5TKsECIQCpndHbZIH0Y4TP9YXiUIWkTrUU\nGaWlet40EwANT7SVKzBJBgNVHREEQjBAgh8qLmFjdGlvbnMuZ2l0aHVidXNlcmNv\nbnRlbnQuY29tgh1hY3Rpb25zLmdpdGh1YnVzZXJjb250ZW50LmNvbTANBgkqhkiG\n9w0BAQwFAAOCAYEAPCGSgvwRlgCuKBpSQ9YuuFvKsbMKIgLmVxu/grXpCgx8KdMr\n+fld74WOmyZukk0PfrAm+gYZe+4dDKrzbn8inD6Wz2/UKiXRa9noZ5v0CL6qOy3b\nRPZ8YgHYWrV0YEIqh5St+n1Dc0A1UhgTDFbHCQ/u1Lgw/dFasl6Iz8hnDTfQpoT5\n05R6F3acsR/xKa74zrAWSFyCJo0BxE39KTW8sb71gv99ZFD5Nnj8D0nSdE7nU4af\nIuF/ALfhH+n60VjaBfoeS9M/fQmEekxsZ5RFpmEMkDm3Y36tdDFKtFC9Cb4o9wal\nFkZnwghK+JatRsjAj+5HmW7iKZoptAIK0Z3vKS/ptCql4wnDMDH7bkDsb9KeDEnN\n6eG0PTNhnp+byRcFf+/KfVdNxsNw+sZqTly8bbg8Z2jnUd6o7XPEyIqVRm9KUjQk\nf+Tb1cuwyT11MyCSxfFwHnCtgSh1wIPJRvbcFlL4K9HJYvG1UuXHLsRQB6/KG0oK\nWgluOHrqp6q8psLk\n-----END CERTIFICATE-----\n",
                "is_ca": false,
                "issuer": "CN=Sectigo Public Server Authentication CA DV R36,O=Sectigo Limited,C=GB",
                "max_path_length": -1,
                "not_after": "2026-06-10T23:59:59Z",
                "not_before": "2025-06-10T00:00:00Z",
                "public_key_algorithm": "RSA",
                "serial_number": "88528921307254621768011639059774764602",
                "sha1_fingerprint": "7560d6f40fa55195f740ee2b1b7c0b4836cbe103",
                "signature_algorithm": "SHA384-RSA",
                "subject": "CN=*.actions.githubusercontent.com",
                "version": 3
              }
            ],
            "content": null,
            "id": "d54ffc5863e92be116e7b1bebdacdafbdb976744",
            "url": "https://token.actions.githubusercontent.com",
            "verify_chain": true
          },
          "sensitive_attributes": [],
          "identity_schema_version": 0
        }
      ]
    },
    {
      "mode": "managed",
      "type": "aws_eip",
      "name": "nat",
      "provider": "provider[\"registry.terraform.io/hashicorp/aws\"]",
      "instances": [
        {
          "schema_version": 0,
          "attributes": {
            "address": null,
            "allocation_id": "eipalloc-01bb0d41da7e6c369",
            "arn": "arn:aws:ec2:us-east-1:954976310009:elastic-ip/eipalloc-01bb0d41da7e6c369",
            "associate_with_private_ip": null,
            "association_id": "eipassoc-0c3b3ee8042e5202e",
            "carrier_ip": "",
            "customer_owned_ip": "",
            "customer_owned_ipv4_pool": "",
            "domain": "vpc",
            "id": "eipalloc-01bb0d41da7e6c369",
            "instance": "",
            "ipam_pool_id": null,
            "network_border_group": "us-east-1",
            "network_interface": "eni-023400ffdf8a4525c",
            "private_dns": "ip-10-0-1-49.ec2.internal",
            "private_ip": "10.0.1.49",
            "ptr_record": "",
            "public_dns": "ec2-52-202-172-158.compute-1.amazonaws.com",
            "public_ip": "52.202.172.158",
            "public_ipv4_pool": "amazon",
            "tags": {
              "Name": "teletrack360-nat-eip"
            },
            "tags_all": {
              "Name": "teletrack360-nat-eip"
            },
            "timeouts": null,
            "vpc": true
          },
          "sensitive_attributes": [],
          "identity_schema_version": 0,
          "private": "eyJlMmJmYjczMC1lY2FhLTExZTYtOGY4OC0zNDM2M2JjN2M0YzAiOnsiZGVsZXRlIjoxODAwMDAwMDAwMDAsInJlYWQiOjkwMDAwMDAwMDAwMCwidXBkYXRlIjozMDAwMDAwMDAwMDB9fQ==",
          "dependencies": [
            "aws_internet_gateway.main",
            "aws_vpc.main"
          ]
        }
      ]
    },
    {
      "mode": "managed",
      "type": "aws_eks_access_entry",
      "name": "github_actions",
      "provider": "provider[\"registry.terraform.io/hashicorp/aws\"]",
      "instances": [
        {
          "schema_version": 0,
          "attributes": {
            "access_entry_arn": "arn:aws:eks:us-east-1:954976310009:access-entry/teletrack360/role/954976310009/teletrack360-github-actions/b2cee30a-f195-6bd2-106d-cd7db3460ef1",
            "cluster_name": "teletrack360",
            "created_at": "2026-04-25T19:20:16Z",
            "id": "teletrack360:arn:aws:iam::954976310009:role/teletrack360-github-actions",
            "kubernetes_groups": [],
            "modified_at": "2026-04-25T19:20:16Z",
            "principal_arn": "arn:aws:iam::954976310009:role/teletrack360-github-actions",
            "tags": null,
            "tags_all": {},
            "timeouts": null,
            "type": "STANDARD",
            "user_name": "arn:aws:sts::954976310009:assumed-role/teletrack360-github-actions/{{SessionName}}"
          },
          "sensitive_attributes": [],
          "identity_schema_version": 0,
          "private": "eyJlMmJmYjczMC1lY2FhLTExZTYtOGY4OC0zNDM2M2JjN2M0YzAiOnsiY3JlYXRlIjo2MDAwMDAwMDAwMDAsImRlbGV0ZSI6NjAwMDAwMDAwMDAwfX0=",
          "dependencies": [
            "aws_eks_cluster.main",
            "aws_eks_node_group.main",
            "aws_iam_openid_connect_provider.github",
            "aws_iam_role.eks_cluster",
            "aws_iam_role.eks_nodes",
            "aws_iam_role.github_actions",
            "aws_iam_role_policy_attachment.eks_cluster_policy",
            "aws_iam_role_policy_attachment.eks_cni_policy",
            "aws_iam_role_policy_attachment.eks_ecr_readonly",
            "aws_iam_role_policy_attachment.eks_worker_node_policy",
            "aws_subnet.private_a",
            "aws_subnet.private_b",
            "aws_subnet.public_a",
            "aws_subnet.public_b",
            "aws_vpc.main",
            "data.aws_availability_zones.available",
            "data.tls_certificate.github"
          ]
        }
      ]
    },
    {
      "mode": "managed",
      "type": "aws_eks_access_policy_association",
      "name": "github_actions",
      "provider": "provider[\"registry.terraform.io/hashicorp/aws\"]",
      "instances": [
        {
          "schema_version": 0,
          "attributes": {
            "access_scope": [
              {
                "namespaces": [
                  "teletrack360"
                ],
                "type": "namespace"
              }
            ],
            "associated_at": "2026-04-25 19:20:17.637 +0000 UTC",
            "cluster_name": "teletrack360",
            "id": "teletrack360#arn:aws:iam::954976310009:role/teletrack360-github-actions#arn:aws:eks::aws:cluster-access-policy/AmazonEKSClusterAdminPolicy",
            "modified_at": "2026-04-25 19:20:17.637 +0000 UTC",
            "policy_arn": "arn:aws:eks::aws:cluster-access-policy/AmazonEKSClusterAdminPolicy",
            "principal_arn": "arn:aws:iam::954976310009:role/teletrack360-github-actions",
            "timeouts": null
          },
          "sensitive_attributes": [],
          "identity_schema_version": 0,
          "private": "eyJlMmJmYjczMC1lY2FhLTExZTYtOGY4OC0zNDM2M2JjN2M0YzAiOnsiY3JlYXRlIjo2MDAwMDAwMDAwMDAsImRlbGV0ZSI6NjAwMDAwMDAwMDAwfX0=",
          "dependencies": [
            "aws_eks_access_entry.github_actions",
            "aws_eks_cluster.main",
            "aws_eks_node_group.main",
            "aws_iam_openid_connect_provider.github",
            "aws_iam_role.eks_cluster",
            "aws_iam_role.eks_nodes",
            "aws_iam_role.github_actions",
            "aws_iam_role_policy_attachment.eks_cluster_policy",
            "aws_iam_role_policy_attachment.eks_cni_policy",
            "aws_iam_role_policy_attachment.eks_ecr_readonly",
            "aws_iam_role_policy_attachment.eks_worker_node_policy",
            "aws_subnet.private_a",
            "aws_subnet.private_b",
            "aws_subnet.public_a",
            "aws_subnet.public_b",
            "aws_vpc.main",
            "data.aws_availability_zones.available",
            "data.tls_certificate.github"
          ]
        }
      ]
    },
    {
      "mode": "managed",
      "type": "aws_eks_addon",
      "name": "ebs_csi",
      "provider": "provider[\"registry.terraform.io/hashicorp/aws\"]",
      "instances": [
        {
          "schema_version": 0,
          "attributes": {
            "addon_name": "aws-ebs-csi-driver",
            "addon_version": "v1.59.0-eksbuild.1",
            "arn": "arn:aws:eks:us-east-1:954976310009:addon/teletrack360/aws-ebs-csi-driver/2acee30a-fa66-38e1-6be1-0b9828a34168",
            "cluster_name": "teletrack360",
            "configuration_values": "",
            "created_at": "2026-04-25T19:20:21Z",
            "id": "teletrack360:aws-ebs-csi-driver",
            "modified_at": "2026-04-25T19:20:51Z",
            "pod_identity_association": [],
            "preserve": null,
            "resolve_conflicts": null,
            "resolve_conflicts_on_create": null,
            "resolve_conflicts_on_update": null,
            "service_account_role_arn": "arn:aws:iam::954976310009:role/teletrack360-ebs-csi",
            "tags": null,
            "tags_all": {},
            "timeouts": {
              "create": "30m",
              "delete": null,
              "update": null
            }
          },
          "sensitive_attributes": [],
          "identity_schema_version": 0,
          "private": "eyJlMmJmYjczMC1lY2FhLTExZTYtOGY4OC0zNDM2M2JjN2M0YzAiOnsiY3JlYXRlIjoxODAwMDAwMDAwMDAwLCJkZWxldGUiOjI0MDAwMDAwMDAwMDAsInVwZGF0ZSI6MTIwMDAwMDAwMDAwMH19",
          "dependencies": [
            "aws_eks_cluster.main",
            "aws_eks_node_group.main",
            "aws_iam_openid_connect_provider.eks",
            "aws_iam_role.ebs_csi",
            "aws_iam_role.eks_cluster",
            "aws_iam_role.eks_nodes",
            "aws_iam_role_policy_attachment.ebs_csi_irsa",
            "aws_iam_role_policy_attachment.eks_cluster_policy",
            "aws_iam_role_policy_attachment.eks_cni_policy",
            "aws_iam_role_policy_attachment.eks_ecr_readonly",
            "aws_iam_role_policy_attachment.eks_worker_node_policy",
            "aws_subnet.private_a",
            "aws_subnet.private_b",
            "aws_subnet.public_a",
            "aws_subnet.public_b",
            "aws_vpc.main",
            "data.aws_availability_zones.available",
            "data.tls_certificate.eks"
          ]
        }
      ]
    },
    {
      "mode": "managed",
      "type": "aws_eks_cluster",
      "name": "main",
      "provider": "provider[\"registry.terraform.io/hashicorp/aws\"]",
      "instances": [
        {
          "schema_version": 1,
          "attributes": {
            "access_config": [
              {
                "authentication_mode": "API_AND_CONFIG_MAP",
                "bootstrap_cluster_creator_admin_permissions": true
              }
            ],
            "arn": "arn:aws:eks:us-east-1:954976310009:cluster/teletrack360",
            "bootstrap_self_managed_addons": true,
            "certificate_authority": [
              {
                "data": "LS0tLS1CRUdJTiBDRVJUSUZJQ0FURS0tLS0tCk1JSURCVENDQWUyZ0F3SUJBZ0lJZksyb2RoUlEvYTh3RFFZSktvWklodmNOQVFFTEJRQXdGVEVUTUJFR0ExVUUKQXhNS2EzVmlaWEp1WlhSbGN6QWVGdzB5TmpBME1qVXhPRE0yTURKYUZ3MHpOakEwTWpJeE9EUXhNREphTUJVeApFekFSQmdOVkJBTVRDbXQxWW1WeWJtVjBaWE13Z2dFaU1BMEdDU3FHU0liM0RRRUJBUVVBQTRJQkR3QXdnZ0VLCkFvSUJBUUNoVU4vcGVSYXR0ZVppaDU1UjJtRDBBeHV0VmFKZVc0cGVZWnBuZzNWVG9YSVl2UnBRT01vamtHWG0KTXNid0xjMkRaZ214OUxOSHF0aU5yYk81V2p6K0hIdFU3ck1PMHJWaXYzdld3ZDU5RjRtVjZLV2tibTBxd0ZzeApKS3Z4eWtGVUxsNjNnOW93b3J6bW0wenJwNzhoUzl3cFRhRW94MG01RHVBUlVYM1hhZWVYeFFKenh6b01IQmJJCnk0MFFXcXFhTlBqdzYyUGhPYTlRZmNIZ1Q0SDB3UDlzdnZLQml0eG50U0U5LzFyaCt5MTByaEwweVBQUFpsbnYKZEFYYTZpQ01vdEg5aGVFOU10dmxYLzhjWFhLajJnSlJyazgyakF4Q05XN3Q4aW0yK2o5aEFyQXJyVldXekpXYgp4YWlNWUNRRjF3TUE2aE9sWXRLYk51dEk4dTdCQWdNQkFBR2pXVEJYTUE0R0ExVWREd0VCL3dRRUF3SUNwREFQCkJnTlZIUk1CQWY4RUJUQURBUUgvTUIwR0ExVWREZ1FXQkJUZEx0RmQ2ODhrYlVzTjRQakZVNy9wcXB4T0FEQVYKQmdOVkhSRUVEakFNZ2dwcmRXSmxjbTVsZEdWek1BMEdDU3FHU0liM0RRRUJDd1VBQTRJQkFRQi81bVdrUTM1WgpZdnpJL1VqU1I3cjRjb1dzMzBkUCtXZ2NBamlKZVlvVVRCZ1ZUdW56Z2lsNUw3U0Myd1dQUDc2YkdGcnVKWllaClZoSjlKQXBZRnJCdnE2Nnd5QkJJc1NJaHNXYWRnYTNqcDZqbXhlYk5SakR3M3JITytBcVRiMEFFVzFkYnk4WlUKUG9YTFpaaWRtdlRUL3hsd1VQMGJKbDRPSkdyMEdIL09tM1Z6RkV6SGJ4bDM2WGpXWktLa0FESGVvN2xSYnVSdwo5RjJ1dnFKZ2xXY2xqdXdGSzJwT3EvU3djMmNTdDNxN0c2aFhVS3Uxb1JiOGRBOUhWOG9SbEZSR3VVYUVNdm4zCkVFRXR0R3lMdjRHT2MwTkRPYjJ6Q1dQZ3g5aVN2bCtjTWxocUljdXQ4amg5Nk1PaENzR3BjamVERWl5akVQcTcKaDR0aGNXY1BqNXJYCi0tLS0tRU5EIENFUlRJRklDQVRFLS0tLS0K"
              }
            ],
            "cluster_id": null,
            "compute_config": [],
            "created_at": "2026-04-25T18:34:09Z",
            "enabled_cluster_log_types": [],
            "encryption_config": [],
            "endpoint": "https://EFE7C61D70B2B6A1781E9FCEB06E1F5E.gr7.us-east-1.eks.amazonaws.com",
            "force_update_version": null,
            "id": "teletrack360",
            "identity": [
              {
                "oidc": [
                  {
                    "issuer": "https://oidc.eks.us-east-1.amazonaws.com/id/EFE7C61D70B2B6A1781E9FCEB06E1F5E"
                  }
                ]
              }
            ],
            "kubernetes_network_config": [
              {
                "elastic_load_balancing": [
                  {
                    "enabled": false
                  }
                ],
                "ip_family": "ipv4",
                "service_ipv4_cidr": "172.20.0.0/16",
                "service_ipv6_cidr": ""
              }
            ],
            "name": "teletrack360",
            "outpost_config": [],
            "platform_version": "eks.41",
            "remote_network_config": [],
            "role_arn": "arn:aws:iam::954976310009:role/teletrack360-cluster-role",
            "status": "ACTIVE",
            "storage_config": [],
            "tags": {
              "Name": "teletrack360"
            },
            "tags_all": {
              "Name": "teletrack360"
            },
            "timeouts": null,
            "upgrade_policy": [
              {
                "support_type": "EXTENDED"
              }
            ],
            "version": "1.32",
            "vpc_config": [
              {
                "cluster_security_group_id": "sg-0be2d038a2c556cfe",
                "endpoint_private_access": true,
                "endpoint_public_access": true,
                "public_access_cidrs": [
                  "0.0.0.0/0"
                ],
                "security_group_ids": [],
                "subnet_ids": [
                  "subnet-03e2fe39573b25aa1",
                  "subnet-05c6d2d2fb4fec45b",
                  "subnet-0829eae81fd2a75d8",
                  "subnet-0c85a440ebc279921"
                ],
                "vpc_id": "vpc-0938e0ab7b1028fc7"
              }
            ],
            "zonal_shift_config": []
          },
          "sensitive_attributes": [],
          "identity_schema_version": 0,
          "private": "eyJlMmJmYjczMC1lY2FhLTExZTYtOGY4OC0zNDM2M2JjN2M0YzAiOnsiY3JlYXRlIjoxODAwMDAwMDAwMDAwLCJkZWxldGUiOjkwMDAwMDAwMDAwMCwidXBkYXRlIjozNjAwMDAwMDAwMDAwfSwic2NoZW1hX3ZlcnNpb24iOiIxIn0=",
          "dependencies": [
            "aws_iam_role.eks_cluster",
            "aws_iam_role_policy_attachment.eks_cluster_policy",
            "aws_subnet.private_a",
            "aws_subnet.private_b",
            "aws_subnet.public_a",
            "aws_subnet.public_b",
            "aws_vpc.main",
            "data.aws_availability_zones.available"
          ]
        }
      ]
    },
    {
      "mode": "managed",
      "type": "aws_eks_node_group",
      "name": "main",
      "provider": "provider[\"registry.terraform.io/hashicorp/aws\"]",
      "instances": [
        {
          "schema_version": 0,
          "attributes": {
            "ami_type": "AL2023_x86_64_STANDARD",
            "arn": "arn:aws:eks:us-east-1:954976310009:nodegroup/teletrack360/teletrack360-nodes/5ecee2fb-4c79-8c35-053e-56ef30faa2a0",
            "capacity_type": "ON_DEMAND",
            "cluster_name": "teletrack360",
            "disk_size": 20,
            "force_update_version": null,
            "id": "teletrack360:teletrack360-nodes",
            "instance_types": [
              "t3.xlarge"
            ],
            "labels": {},
            "launch_template": [],
            "node_group_name": "teletrack360-nodes",
            "node_group_name_prefix": "",
            "node_repair_config": [],
            "node_role_arn": "arn:aws:iam::954976310009:role/teletrack360-node-role",
            "release_version": "1.32.13-20260415",
            "remote_access": [],
            "resources": [
              {
                "autoscaling_groups": [
                  {
                    "name": "eks-teletrack360-nodes-5ecee2fb-4c79-8c35-053e-56ef30faa2a0"
                  }
                ],
                "remote_access_security_group_id": ""
              }
            ],
            "scaling_config": [
              {
                "desired_size": 2,
                "max_size": 4,
                "min_size": 1
              }
            ],
            "status": "ACTIVE",
            "subnet_ids": [
              "subnet-05c6d2d2fb4fec45b",
              "subnet-0829eae81fd2a75d8"
            ],
            "tags": {
              "Name": "teletrack360-nodes"
            },
            "tags_all": {
              "Name": "teletrack360-nodes"
            },
            "taint": [],
            "timeouts": null,
            "update_config": [
              {
                "max_unavailable": 1,
                "max_unavailable_percentage": 0
              }
            ],
            "version": "1.32"
          },
          "sensitive_attributes": [],
          "identity_schema_version": 0,
          "private": "eyJlMmJmYjczMC1lY2FhLTExZTYtOGY4OC0zNDM2M2JjN2M0YzAiOnsiY3JlYXRlIjozNjAwMDAwMDAwMDAwLCJkZWxldGUiOjM2MDAwMDAwMDAwMDAsInVwZGF0ZSI6MzYwMDAwMDAwMDAwMH19",
          "dependencies": [
            "aws_eks_cluster.main",
            "aws_iam_role.eks_cluster",
            "aws_iam_role.eks_nodes",
            "aws_iam_role_policy_attachment.eks_cluster_policy",
            "aws_iam_role_policy_attachment.eks_cni_policy",
            "aws_iam_role_policy_attachment.eks_ecr_readonly",
            "aws_iam_role_policy_attachment.eks_worker_node_policy",
            "aws_subnet.private_a",
            "aws_subnet.private_b",
            "aws_subnet.public_a",
            "aws_subnet.public_b",
            "aws_vpc.main",
            "data.aws_availability_zones.available"
          ]
        }
      ]
    },
    {
      "mode": "managed",
      "type": "aws_iam_openid_connect_provider",
      "name": "eks",
      "provider": "provider[\"registry.terraform.io/hashicorp/aws\"]",
      "instances": [
        {
          "schema_version": 0,
          "attributes": {
            "arn": "arn:aws:iam::954976310009:oidc-provider/oidc.eks.us-east-1.amazonaws.com/id/EFE7C61D70B2B6A1781E9FCEB06E1F5E",
            "client_id_list": [
              "sts.amazonaws.com"
            ],
            "id": "arn:aws:iam::954976310009:oidc-provider/oidc.eks.us-east-1.amazonaws.com/id/EFE7C61D70B2B6A1781E9FCEB06E1F5E",
            "tags": null,
            "tags_all": {},
            "thumbprint_list": [
              "06b25927c42a721631c1efd9431e648fa62e1e39"
            ],
            "url": "oidc.eks.us-east-1.amazonaws.com/id/EFE7C61D70B2B6A1781E9FCEB06E1F5E"
          },
          "sensitive_attributes": [],
          "identity_schema_version": 0,
          "private": "bnVsbA==",
          "dependencies": [
            "aws_eks_cluster.main",
            "aws_iam_role.eks_cluster",
            "aws_iam_role_policy_attachment.eks_cluster_policy",
            "aws_subnet.private_a",
            "aws_subnet.private_b",
            "aws_subnet.public_a",
            "aws_subnet.public_b",
            "aws_vpc.main",
            "data.aws_availability_zones.available",
            "data.tls_certificate.eks"
          ]
        }
      ]
    },
    {
      "mode": "managed",
      "type": "aws_iam_openid_connect_provider",
      "name": "github",
      "provider": "provider[\"registry.terraform.io/hashicorp/aws\"]",
      "instances": [
        {
          "schema_version": 0,
          "attributes": {
            "arn": "arn:aws:iam::954976310009:oidc-provider/token.actions.githubusercontent.com",
            "client_id_list": [
              "sts.amazonaws.com"
            ],
            "id": "arn:aws:iam::954976310009:oidc-provider/token.actions.githubusercontent.com",
            "tags": {},
            "tags_all": {},
            "thumbprint_list": [
              "2b18947a6a9fc7764fd8b5fb18a863b0c6dac24f"
            ],
            "url": "token.actions.githubusercontent.com"
          },
          "sensitive_attributes": [],
          "identity_schema_version": 0,
          "private": "bnVsbA==",
          "dependencies": [
            "data.tls_certificate.github"
          ]
        }
      ]
    },
    {
      "mode": "managed",
      "type": "aws_iam_role",
      "name": "ebs_csi",
      "provider": "provider[\"registry.terraform.io/hashicorp/aws\"]",
      "instances": [
        {
          "schema_version": 0,
          "attributes": {
            "arn": "arn:aws:iam::954976310009:role/teletrack360-ebs-csi",
            "assume_role_policy": "{\"Statement\":[{\"Action\":\"sts:AssumeRoleWithWebIdentity\",\"Condition\":{\"StringEquals\":{\"oidc.eks.us-east-1.amazonaws.com/id/EFE7C61D70B2B6A1781E9FCEB06E1F5E:aud\":\"sts.amazonaws.com\",\"oidc.eks.us-east-1.amazonaws.com/id/EFE7C61D70B2B6A1781E9FCEB06E1F5E:sub\":\"system:serviceaccount:kube-system:ebs-csi-controller-sa\"}},\"Effect\":\"Allow\",\"Principal\":{\"Federated\":\"arn:aws:iam::954976310009:oidc-provider/oidc.eks.us-east-1.amazonaws.com/id/EFE7C61D70B2B6A1781E9FCEB06E1F5E\"}}],\"Version\":\"2012-10-17\"}",
            "create_date": "2026-04-25T19:20:18Z",
            "description": "",
            "force_detach_policies": false,
            "id": "teletrack360-ebs-csi",
            "inline_policy": [],
            "managed_policy_arns": [],
            "max_session_duration": 3600,
            "name": "teletrack360-ebs-csi",
            "name_prefix": "",
            "path": "/",
            "permissions_boundary": "",
            "tags": null,
            "tags_all": {},
            "unique_id": "AROA54WIGCL4ZWT6APNOU"
          },
          "sensitive_attributes": [],
          "identity_schema_version": 0,
          "private": "bnVsbA==",
          "dependencies": [
            "aws_eks_cluster.main",
            "aws_iam_openid_connect_provider.eks",
            "aws_iam_role.eks_cluster",
            "aws_iam_role_policy_attachment.eks_cluster_policy",
            "aws_subnet.private_a",
            "aws_subnet.private_b",
            "aws_subnet.public_a",
            "aws_subnet.public_b",
            "aws_vpc.main",
            "data.aws_availability_zones.available",
            "data.tls_certificate.eks"
          ]
        }
      ]
    },
    {
      "mode": "managed",
      "type": "aws_iam_role",
      "name": "eks_cluster",
      "provider": "provider[\"registry.terraform.io/hashicorp/aws\"]",
      "instances": [
        {
          "schema_version": 0,
          "attributes": {
            "arn": "arn:aws:iam::954976310009:role/teletrack360-cluster-role",
            "assume_role_policy": "{\"Statement\":[{\"Action\":\"sts:AssumeRole\",\"Effect\":\"Allow\",\"Principal\":{\"Service\":\"eks.amazonaws.com\"}}],\"Version\":\"2012-10-17\"}",
            "create_date": "2026-04-25T18:33:36Z",
            "description": "",
            "force_detach_policies": false,
            "id": "teletrack360-cluster-role",
            "inline_policy": [],
            "managed_policy_arns": [
              "arn:aws:iam::aws:policy/AmazonEKSClusterPolicy"
            ],
            "max_session_duration": 3600,
            "name": "teletrack360-cluster-role",
            "name_prefix": "",
            "path": "/",
            "permissions_boundary": "",
            "tags": {},
            "tags_all": {},
            "unique_id": "AROA54WIGCL4RG55JRCRW"
          },
          "sensitive_attributes": [],
          "identity_schema_version": 0,
          "private": "bnVsbA=="
        }
      ]
    },
    {
      "mode": "managed",
      "type": "aws_iam_role",
      "name": "eks_nodes",
      "provider": "provider[\"registry.terraform.io/hashicorp/aws\"]",
      "instances": [
        {
          "schema_version": 0,
          "attributes": {
            "arn": "arn:aws:iam::954976310009:role/teletrack360-node-role",
            "assume_role_policy": "{\"Statement\":[{\"Action\":\"sts:AssumeRole\",\"Effect\":\"Allow\",\"Principal\":{\"Service\":\"ec2.amazonaws.com\"}}],\"Version\":\"2012-10-17\"}",
            "create_date": "2026-04-25T18:33:36Z",
            "description": "",
            "force_detach_policies": false,
            "id": "teletrack360-node-role",
            "inline_policy": [],
            "managed_policy_arns": [
              "arn:aws:iam::aws:policy/AmazonEC2ContainerRegistryReadOnly",
              "arn:aws:iam::aws:policy/AmazonEKSWorkerNodePolicy",
              "arn:aws:iam::aws:policy/AmazonEKS_CNI_Policy",
              "arn:aws:iam::aws:policy/service-role/AmazonEBSCSIDriverPolicy"
            ],
            "max_session_duration": 3600,
            "name": "teletrack360-node-role",
            "name_prefix": "",
            "path": "/",
            "permissions_boundary": "",
            "tags": {},
            "tags_all": {},
            "unique_id": "AROA54WIGCL4R55XEJABU"
          },
          "sensitive_attributes": [],
          "identity_schema_version": 0,
          "private": "bnVsbA=="
        }
      ]
    },
    {
      "mode": "managed",
      "type": "aws_iam_role",
      "name": "github_actions",
      "provider": "provider[\"registry.terraform.io/hashicorp/aws\"]",
      "instances": [
        {
          "schema_version": 0,
          "attributes": {
            "arn": "arn:aws:iam::954976310009:role/teletrack360-github-actions",
            "assume_role_policy": "{\"Statement\":[{\"Action\":\"sts:AssumeRoleWithWebIdentity\",\"Condition\":{\"StringEquals\":{\"token.actions.githubusercontent.com:aud\":\"sts.amazonaws.com\"},\"StringLike\":{\"token.actions.githubusercontent.com:sub\":\"repo:mahmoud-47/teletrack360:ref:refs/heads/main\"}},\"Effect\":\"Allow\",\"Principal\":{\"Federated\":\"arn:aws:iam::954976310009:oidc-provider/token.actions.githubusercontent.com\"}}],\"Version\":\"2012-10-17\"}",
            "create_date": "2026-04-25T18:33:37Z",
            "description": "",
            "force_detach_policies": false,
            "id": "teletrack360-github-actions",
            "inline_policy": [
              {
                "name": "eks-describe",
                "policy": "{\"Version\":\"2012-10-17\",\"Statement\":[{\"Action\":[\"eks:DescribeCluster\",\"eks:ListClusters\",\"eks:AccessKubernetesApi\"],\"Effect\":\"Allow\",\"Resource\":\"*\"}]}"
              }
            ],
            "managed_policy_arns": [],
            "max_session_duration": 3600,
            "name": "teletrack360-github-actions",
            "name_prefix": "",
            "path": "/",
            "permissions_boundary": "",
            "tags": {},
            "tags_all": {},
            "unique_id": "AROA54WIGCL4UZ5LQBHME"
          },
          "sensitive_attributes": [],
          "identity_schema_version": 0,
          "private": "bnVsbA==",
          "dependencies": [
            "aws_iam_openid_connect_provider.github",
            "data.tls_certificate.github"
          ]
        }
      ]
    },
    {
      "mode": "managed",
      "type": "aws_iam_role_policy",
      "name": "github_actions_eks",
      "provider": "provider[\"registry.terraform.io/hashicorp/aws\"]",
      "instances": [
        {
          "schema_version": 0,
          "attributes": {
            "id": "teletrack360-github-actions:eks-describe",
            "name": "eks-describe",
            "name_prefix": "",
            "policy": "{\"Version\":\"2012-10-17\",\"Statement\":[{\"Action\":[\"eks:DescribeCluster\",\"eks:ListClusters\",\"eks:AccessKubernetesApi\"],\"Effect\":\"Allow\",\"Resource\":\"*\"}]}",
            "role": "teletrack360-github-actions"
          },
          "sensitive_attributes": [],
          "identity_schema_version": 0,
          "private": "bnVsbA==",
          "dependencies": [
            "aws_iam_openid_connect_provider.github",
            "aws_iam_role.github_actions",
            "data.tls_certificate.github"
          ]
        }
      ]
    },
    {
      "mode": "managed",
      "type": "aws_iam_role_policy_attachment",
      "name": "ebs_csi_irsa",
      "provider": "provider[\"registry.terraform.io/hashicorp/aws\"]",
      "instances": [
        {
          "schema_version": 0,
          "attributes": {
            "id": "teletrack360-ebs-csi-20260425192018888700000001",
            "policy_arn": "arn:aws:iam::aws:policy/service-role/AmazonEBSCSIDriverPolicy",
            "role": "teletrack360-ebs-csi"
          },
          "sensitive_attributes": [],
          "identity_schema_version": 0,
          "private": "bnVsbA==",
          "dependencies": [
            "aws_eks_cluster.main",
            "aws_iam_openid_connect_provider.eks",
            "aws_iam_role.ebs_csi",
            "aws_iam_role.eks_cluster",
            "aws_iam_role_policy_attachment.eks_cluster_policy",
            "aws_subnet.private_a",
            "aws_subnet.private_b",
            "aws_subnet.public_a",
            "aws_subnet.public_b",
            "aws_vpc.main",
            "data.aws_availability_zones.available",
            "data.tls_certificate.eks"
          ]
        }
      ]
    },
    {
      "mode": "managed",
      "type": "aws_iam_role_policy_attachment",
      "name": "ebs_csi_policy",
      "provider": "provider[\"registry.terraform.io/hashicorp/aws\"]",
      "instances": [
        {
          "schema_version": 0,
          "attributes": {
            "id": "teletrack360-node-role-20260425183338393600000004",
            "policy_arn": "arn:aws:iam::aws:policy/service-role/AmazonEBSCSIDriverPolicy",
            "role": "teletrack360-node-role"
          },
          "sensitive_attributes": [],
          "identity_schema_version": 0,
          "private": "bnVsbA==",
          "dependencies": [
            "aws_iam_role.eks_nodes"
          ]
        }
      ]
    },
    {
      "mode": "managed",
      "type": "aws_iam_role_policy_attachment",
      "name": "eks_cluster_policy",
      "provider": "provider[\"registry.terraform.io/hashicorp/aws\"]",
      "instances": [
        {
          "schema_version": 0,
          "attributes": {
            "id": "teletrack360-cluster-role-20260425183337126800000001",
            "policy_arn": "arn:aws:iam::aws:policy/AmazonEKSClusterPolicy",
            "role": "teletrack360-cluster-role"
          },
          "sensitive_attributes": [],
          "identity_schema_version": 0,
          "private": "bnVsbA==",
          "dependencies": [
            "aws_iam_role.eks_cluster"
          ]
        }
      ]
    },
    {
      "mode": "managed",
      "type": "aws_iam_role_policy_attachment",
      "name": "eks_cni_policy",
      "provider": "provider[\"registry.terraform.io/hashicorp/aws\"]",
      "instances": [
        {
          "schema_version": 0,
          "attributes": {
            "id": "teletrack360-node-role-20260425183338497700000005",
            "policy_arn": "arn:aws:iam::aws:policy/AmazonEKS_CNI_Policy",
            "role": "teletrack360-node-role"
          },
          "sensitive_attributes": [],
          "identity_schema_version": 0,
          "private": "bnVsbA==",
          "dependencies": [
            "aws_iam_role.eks_nodes"
          ]
        }
      ]
    },
    {
      "mode": "managed",
      "type": "aws_iam_role_policy_attachment",
      "name": "eks_ecr_readonly",
      "provider": "provider[\"registry.terraform.io/hashicorp/aws\"]",
      "instances": [
        {
          "schema_version": 0,
          "attributes": {
            "id": "teletrack360-node-role-20260425183338165400000003",
            "policy_arn": "arn:aws:iam::aws:policy/AmazonEC2ContainerRegistryReadOnly",
            "role": "teletrack360-node-role"
          },
          "sensitive_attributes": [],
          "identity_schema_version": 0,
          "private": "bnVsbA==",
          "dependencies": [
            "aws_iam_role.eks_nodes"
          ]
        }
      ]
    },
    {
      "mode": "managed",
      "type": "aws_iam_role_policy_attachment",
      "name": "eks_worker_node_policy",
      "provider": "provider[\"registry.terraform.io/hashicorp/aws\"]",
      "instances": [
        {
          "schema_version": 0,
          "attributes": {
            "id": "teletrack360-node-role-20260425183338102900000002",
            "policy_arn": "arn:aws:iam::aws:policy/AmazonEKSWorkerNodePolicy",
            "role": "teletrack360-node-role"
          },
          "sensitive_attributes": [],
          "identity_schema_version": 0,
          "private": "bnVsbA==",
          "dependencies": [
            "aws_iam_role.eks_nodes"
          ]
        }
      ]
    },
    {
      "mode": "managed",
      "type": "aws_internet_gateway",
      "name": "main",
      "provider": "provider[\"registry.terraform.io/hashicorp/aws\"]",
      "instances": [
        {
          "schema_version": 0,
          "attributes": {
            "arn": "arn:aws:ec2:us-east-1:954976310009:internet-gateway/igw-0ab8321c8fe13eb17",
            "id": "igw-0ab8321c8fe13eb17",
            "owner_id": "954976310009",
            "tags": {
              "Name": "teletrack360-igw"
            },
            "tags_all": {
              "Name": "teletrack360-igw"
            },
            "timeouts": null,
            "vpc_id": "vpc-0938e0ab7b1028fc7"
          },
          "sensitive_attributes": [],
          "identity_schema_version": 0,
          "private": "eyJlMmJmYjczMC1lY2FhLTExZTYtOGY4OC0zNDM2M2JjN2M0YzAiOnsiY3JlYXRlIjoxMjAwMDAwMDAwMDAwLCJkZWxldGUiOjEyMDAwMDAwMDAwMDAsInVwZGF0ZSI6MTIwMDAwMDAwMDAwMH19",
          "dependencies": [
            "aws_vpc.main"
          ]
        }
      ]
    },
    {
      "mode": "managed",
      "type": "aws_nat_gateway",
      "name": "main",
      "provider": "provider[\"registry.terraform.io/hashicorp/aws\"]",
      "instances": [
        {
          "schema_version": 0,
          "attributes": {
            "allocation_id": "eipalloc-01bb0d41da7e6c369",
            "association_id": "eipassoc-0c3b3ee8042e5202e",
            "connectivity_type": "public",
            "id": "nat-0d13175ac72334325",
            "network_interface_id": "eni-023400ffdf8a4525c",
            "private_ip": "10.0.1.49",
            "public_ip": "52.202.172.158",
            "secondary_allocation_ids": [],
            "secondary_private_ip_address_count": 0,
            "secondary_private_ip_addresses": [],
            "subnet_id": "subnet-0c85a440ebc279921",
            "tags": {
              "Name": "teletrack360-nat"
            },
            "tags_all": {
              "Name": "teletrack360-nat"
            },
            "timeouts": null
          },
          "sensitive_attributes": [],
          "identity_schema_version": 0,
          "private": "eyJlMmJmYjczMC1lY2FhLTExZTYtOGY4OC0zNDM2M2JjN2M0YzAiOnsiY3JlYXRlIjo2MDAwMDAwMDAwMDAsImRlbGV0ZSI6MTgwMDAwMDAwMDAwMCwidXBkYXRlIjo2MDAwMDAwMDAwMDB9fQ==",
          "dependencies": [
            "aws_eip.nat",
            "aws_internet_gateway.main",
            "aws_subnet.public_a",
            "aws_vpc.main",
            "data.aws_availability_zones.available"
          ]
        }
      ]
    },
    {
      "mode": "managed",
      "type": "aws_route_table",
      "name": "private",
      "provider": "provider[\"registry.terraform.io/hashicorp/aws\"]",
      "instances": [
        {
          "schema_version": 0,
          "attributes": {
            "arn": "arn:aws:ec2:us-east-1:954976310009:route-table/rtb-0a393e983f95430e9",
            "id": "rtb-0a393e983f95430e9",
            "owner_id": "954976310009",
            "propagating_vgws": [],
            "route": [
              {
                "carrier_gateway_id": "",
                "cidr_block": "0.0.0.0/0",
                "core_network_arn": "",
                "destination_prefix_list_id": "",
                "egress_only_gateway_id": "",
                "gateway_id": "",
                "ipv6_cidr_block": "",
                "local_gateway_id": "",
                "nat_gateway_id": "nat-0d13175ac72334325",
                "network_interface_id": "",
                "transit_gateway_id": "",
                "vpc_endpoint_id": "",
                "vpc_peering_connection_id": ""
              }
            ],
            "tags": {
              "Name": "teletrack360-private-rt"
            },
            "tags_all": {
              "Name": "teletrack360-private-rt"
            },
            "timeouts": null,
            "vpc_id": "vpc-0938e0ab7b1028fc7"
          },
          "sensitive_attributes": [],
          "identity_schema_version": 0,
          "private": "eyJlMmJmYjczMC1lY2FhLTExZTYtOGY4OC0zNDM2M2JjN2M0YzAiOnsiY3JlYXRlIjozMDAwMDAwMDAwMDAsImRlbGV0ZSI6MzAwMDAwMDAwMDAwLCJ1cGRhdGUiOjEyMDAwMDAwMDAwMH19",
          "dependencies": [
            "aws_eip.nat",
            "aws_internet_gateway.main",
            "aws_nat_gateway.main",
            "aws_subnet.public_a",
            "aws_vpc.main",
            "data.aws_availability_zones.available"
          ]
        }
      ]
    },
    {
      "mode": "managed",
      "type": "aws_route_table",
      "name": "public",
      "provider": "provider[\"registry.terraform.io/hashicorp/aws\"]",
      "instances": [
        {
          "schema_version": 0,
          "attributes": {
            "arn": "arn:aws:ec2:us-east-1:954976310009:route-table/rtb-0d5f94b01a36da510",
            "id": "rtb-0d5f94b01a36da510",
            "owner_id": "954976310009",
            "propagating_vgws": [],
            "route": [
              {
                "carrier_gateway_id": "",
                "cidr_block": "0.0.0.0/0",
                "core_network_arn": "",
                "destination_prefix_list_id": "",
                "egress_only_gateway_id": "",
                "gateway_id": "igw-0ab8321c8fe13eb17",
                "ipv6_cidr_block": "",
                "local_gateway_id": "",
                "nat_gateway_id": "",
                "network_interface_id": "",
                "transit_gateway_id": "",
                "vpc_endpoint_id": "",
                "vpc_peering_connection_id": ""
              }
            ],
            "tags": {
              "Name": "teletrack360-public-rt"
            },
            "tags_all": {
              "Name": "teletrack360-public-rt"
            },
            "timeouts": null,
            "vpc_id": "vpc-0938e0ab7b1028fc7"
          },
          "sensitive_attributes": [],
          "identity_schema_version": 0,
          "private": "eyJlMmJmYjczMC1lY2FhLTExZTYtOGY4OC0zNDM2M2JjN2M0YzAiOnsiY3JlYXRlIjozMDAwMDAwMDAwMDAsImRlbGV0ZSI6MzAwMDAwMDAwMDAwLCJ1cGRhdGUiOjEyMDAwMDAwMDAwMH19",
          "dependencies": [
            "aws_internet_gateway.main",
            "aws_vpc.main"
          ]
        }
      ]
    },
    {
      "mode": "managed",
      "type": "aws_route_table_association",
      "name": "private_a",
      "provider": "provider[\"registry.terraform.io/hashicorp/aws\"]",
      "instances": [
        {
          "schema_version": 0,
          "attributes": {
            "gateway_id": "",
            "id": "rtbassoc-0e7d8ddc12491e742",
            "route_table_id": "rtb-0a393e983f95430e9",
            "subnet_id": "subnet-0829eae81fd2a75d8",
            "timeouts": null
          },
          "sensitive_attributes": [],
          "identity_schema_version": 0,
          "private": "eyJlMmJmYjczMC1lY2FhLTExZTYtOGY4OC0zNDM2M2JjN2M0YzAiOnsiY3JlYXRlIjozMDAwMDAwMDAwMDAsImRlbGV0ZSI6MzAwMDAwMDAwMDAwLCJ1cGRhdGUiOjEyMDAwMDAwMDAwMH19",
          "dependencies": [
            "aws_eip.nat",
            "aws_internet_gateway.main",
            "aws_nat_gateway.main",
            "aws_route_table.private",
            "aws_subnet.private_a",
            "aws_subnet.public_a",
            "aws_vpc.main",
            "data.aws_availability_zones.available"
          ]
        }
      ]
    },
    {
      "mode": "managed",
      "type": "aws_route_table_association",
      "name": "private_b",
      "provider": "provider[\"registry.terraform.io/hashicorp/aws\"]",
      "instances": [
        {
          "schema_version": 0,
          "attributes": {
            "gateway_id": "",
            "id": "rtbassoc-0d5fdb9d90c529f66",
            "route_table_id": "rtb-0a393e983f95430e9",
            "subnet_id": "subnet-05c6d2d2fb4fec45b",
            "timeouts": null
          },
          "sensitive_attributes": [],
          "identity_schema_version": 0,
          "private": "eyJlMmJmYjczMC1lY2FhLTExZTYtOGY4OC0zNDM2M2JjN2M0YzAiOnsiY3JlYXRlIjozMDAwMDAwMDAwMDAsImRlbGV0ZSI6MzAwMDAwMDAwMDAwLCJ1cGRhdGUiOjEyMDAwMDAwMDAwMH19",
          "dependencies": [
            "aws_eip.nat",
            "aws_internet_gateway.main",
            "aws_nat_gateway.main",
            "aws_route_table.private",
            "aws_subnet.private_b",
            "aws_subnet.public_a",
            "aws_vpc.main",
            "data.aws_availability_zones.available"
          ]
        }
      ]
    },
    {
      "mode": "managed",
      "type": "aws_route_table_association",
      "name": "public_a",
      "provider": "provider[\"registry.terraform.io/hashicorp/aws\"]",
      "instances": [
        {
          "schema_version": 0,
          "attributes": {
            "gateway_id": "",
            "id": "rtbassoc-02737083bb241f659",
            "route_table_id": "rtb-0d5f94b01a36da510",
            "subnet_id": "subnet-0c85a440ebc279921",
            "timeouts": null
          },
          "sensitive_attributes": [],
          "identity_schema_version": 0,
          "private": "eyJlMmJmYjczMC1lY2FhLTExZTYtOGY4OC0zNDM2M2JjN2M0YzAiOnsiY3JlYXRlIjozMDAwMDAwMDAwMDAsImRlbGV0ZSI6MzAwMDAwMDAwMDAwLCJ1cGRhdGUiOjEyMDAwMDAwMDAwMH19",
          "dependencies": [
            "aws_internet_gateway.main",
            "aws_route_table.public",
            "aws_subnet.public_a",
            "aws_vpc.main",
            "data.aws_availability_zones.available"
          ]
        }
      ]
    },
    {
      "mode": "managed",
      "type": "aws_route_table_association",
      "name": "public_b",
      "provider": "provider[\"registry.terraform.io/hashicorp/aws\"]",
      "instances": [
        {
          "schema_version": 0,
          "attributes": {
            "gateway_id": "",
            "id": "rtbassoc-0d9e12e20600d11c6",
            "route_table_id": "rtb-0d5f94b01a36da510",
            "subnet_id": "subnet-03e2fe39573b25aa1",
            "timeouts": null
          },
          "sensitive_attributes": [],
          "identity_schema_version": 0,
          "private": "eyJlMmJmYjczMC1lY2FhLTExZTYtOGY4OC0zNDM2M2JjN2M0YzAiOnsiY3JlYXRlIjozMDAwMDAwMDAwMDAsImRlbGV0ZSI6MzAwMDAwMDAwMDAwLCJ1cGRhdGUiOjEyMDAwMDAwMDAwMH19",
          "dependencies": [
            "aws_internet_gateway.main",
            "aws_route_table.public",
            "aws_subnet.public_b",
            "aws_vpc.main",
            "data.aws_availability_zones.available"
          ]
        }
      ]
    },
    {
      "mode": "managed",
      "type": "aws_subnet",
      "name": "private_a",
      "provider": "provider[\"registry.terraform.io/hashicorp/aws\"]",
      "instances": [
        {
          "schema_version": 1,
          "attributes": {
            "arn": "arn:aws:ec2:us-east-1:954976310009:subnet/subnet-0829eae81fd2a75d8",
            "assign_ipv6_address_on_creation": false,
            "availability_zone": "us-east-1a",
            "availability_zone_id": "use1-az1",
            "cidr_block": "10.0.11.0/24",
            "customer_owned_ipv4_pool": "",
            "enable_dns64": false,
            "enable_lni_at_device_index": 0,
            "enable_resource_name_dns_a_record_on_launch": false,
            "enable_resource_name_dns_aaaa_record_on_launch": false,
            "id": "subnet-0829eae81fd2a75d8",
            "ipv6_cidr_block": "",
            "ipv6_cidr_block_association_id": "",
            "ipv6_native": false,
            "map_customer_owned_ip_on_launch": false,
            "map_public_ip_on_launch": false,
            "outpost_arn": "",
            "owner_id": "954976310009",
            "private_dns_hostname_type_on_launch": "ip-name",
            "tags": {
              "Name": "teletrack360-private-a",
              "kubernetes.io/cluster/teletrack360": "owned",
              "kubernetes.io/role/internal-elb": "1"
            },
            "tags_all": {
              "Name": "teletrack360-private-a",
              "kubernetes.io/cluster/teletrack360": "owned",
              "kubernetes.io/role/internal-elb": "1"
            },
            "timeouts": null,
            "vpc_id": "vpc-0938e0ab7b1028fc7"
          },
          "sensitive_attributes": [],
          "identity_schema_version": 0,
          "private": "eyJlMmJmYjczMC1lY2FhLTExZTYtOGY4OC0zNDM2M2JjN2M0YzAiOnsiY3JlYXRlIjo2MDAwMDAwMDAwMDAsImRlbGV0ZSI6MTIwMDAwMDAwMDAwMH0sInNjaGVtYV92ZXJzaW9uIjoiMSJ9",
          "dependencies": [
            "aws_vpc.main",
            "data.aws_availability_zones.available"
          ]
        }
      ]
    },
    {
      "mode": "managed",
      "type": "aws_subnet",
      "name": "private_b",
      "provider": "provider[\"registry.terraform.io/hashicorp/aws\"]",
      "instances": [
        {
          "schema_version": 1,
          "attributes": {
            "arn": "arn:aws:ec2:us-east-1:954976310009:subnet/subnet-05c6d2d2fb4fec45b",
            "assign_ipv6_address_on_creation": false,
            "availability_zone": "us-east-1b",
            "availability_zone_id": "use1-az2",
            "cidr_block": "10.0.12.0/24",
            "customer_owned_ipv4_pool": "",
            "enable_dns64": false,
            "enable_lni_at_device_index": 0,
            "enable_resource_name_dns_a_record_on_launch": false,
            "enable_resource_name_dns_aaaa_record_on_launch": false,
            "id": "subnet-05c6d2d2fb4fec45b",
            "ipv6_cidr_block": "",
            "ipv6_cidr_block_association_id": "",
            "ipv6_native": false,
            "map_customer_owned_ip_on_launch": false,
            "map_public_ip_on_launch": false,
            "outpost_arn": "",
            "owner_id": "954976310009",
            "private_dns_hostname_type_on_launch": "ip-name",
            "tags": {
              "Name": "teletrack360-private-b",
              "kubernetes.io/cluster/teletrack360": "owned",
              "kubernetes.io/role/internal-elb": "1"
            },
            "tags_all": {
              "Name": "teletrack360-private-b",
              "kubernetes.io/cluster/teletrack360": "owned",
              "kubernetes.io/role/internal-elb": "1"
            },
            "timeouts": null,
            "vpc_id": "vpc-0938e0ab7b1028fc7"
          },
          "sensitive_attributes": [],
          "identity_schema_version": 0,
          "private": "eyJlMmJmYjczMC1lY2FhLTExZTYtOGY4OC0zNDM2M2JjN2M0YzAiOnsiY3JlYXRlIjo2MDAwMDAwMDAwMDAsImRlbGV0ZSI6MTIwMDAwMDAwMDAwMH0sInNjaGVtYV92ZXJzaW9uIjoiMSJ9",
          "dependencies": [
            "aws_vpc.main",
            "data.aws_availability_zones.available"
          ]
        }
      ]
    },
    {
      "mode": "managed",
      "type": "aws_subnet",
      "name": "public_a",
      "provider": "provider[\"registry.terraform.io/hashicorp/aws\"]",
      "instances": [
        {
          "schema_version": 1,
          "attributes": {
            "arn": "arn:aws:ec2:us-east-1:954976310009:subnet/subnet-0c85a440ebc279921",
            "assign_ipv6_address_on_creation": false,
            "availability_zone": "us-east-1a",
            "availability_zone_id": "use1-az1",
            "cidr_block": "10.0.1.0/24",
            "customer_owned_ipv4_pool": "",
            "enable_dns64": false,
            "enable_lni_at_device_index": 0,
            "enable_resource_name_dns_a_record_on_launch": false,
            "enable_resource_name_dns_aaaa_record_on_launch": false,
            "id": "subnet-0c85a440ebc279921",
            "ipv6_cidr_block": "",
            "ipv6_cidr_block_association_id": "",
            "ipv6_native": false,
            "map_customer_owned_ip_on_launch": false,
            "map_public_ip_on_launch": true,
            "outpost_arn": "",
            "owner_id": "954976310009",
            "private_dns_hostname_type_on_launch": "ip-name",
            "tags": {
              "Name": "teletrack360-public-a",
              "kubernetes.io/cluster/teletrack360": "shared",
              "kubernetes.io/role/elb": "1"
            },
            "tags_all": {
              "Name": "teletrack360-public-a",
              "kubernetes.io/cluster/teletrack360": "shared",
              "kubernetes.io/role/elb": "1"
            },
            "timeouts": null,
            "vpc_id": "vpc-0938e0ab7b1028fc7"
          },
          "sensitive_attributes": [],
          "identity_schema_version": 0,
          "private": "eyJlMmJmYjczMC1lY2FhLTExZTYtOGY4OC0zNDM2M2JjN2M0YzAiOnsiY3JlYXRlIjo2MDAwMDAwMDAwMDAsImRlbGV0ZSI6MTIwMDAwMDAwMDAwMH0sInNjaGVtYV92ZXJzaW9uIjoiMSJ9",
          "dependencies": [
            "aws_vpc.main",
            "data.aws_availability_zones.available"
          ]
        }
      ]
    },
    {
      "mode": "managed",
      "type": "aws_subnet",
      "name": "public_b",
      "provider": "provider[\"registry.terraform.io/hashicorp/aws\"]",
      "instances": [
        {
          "schema_version": 1,
          "attributes": {
            "arn": "arn:aws:ec2:us-east-1:954976310009:subnet/subnet-03e2fe39573b25aa1",
            "assign_ipv6_address_on_creation": false,
            "availability_zone": "us-east-1b",
            "availability_zone_id": "use1-az2",
            "cidr_block": "10.0.2.0/24",
            "customer_owned_ipv4_pool": "",
            "enable_dns64": false,
            "enable_lni_at_device_index": 0,
            "enable_resource_name_dns_a_record_on_launch": false,
            "enable_resource_name_dns_aaaa_record_on_launch": false,
            "id": "subnet-03e2fe39573b25aa1",
            "ipv6_cidr_block": "",
            "ipv6_cidr_block_association_id": "",
            "ipv6_native": false,
            "map_customer_owned_ip_on_launch": false,
            "map_public_ip_on_launch": true,
            "outpost_arn": "",
            "owner_id": "954976310009",
            "private_dns_hostname_type_on_launch": "ip-name",
            "tags": {
              "Name": "teletrack360-public-b",
              "kubernetes.io/cluster/teletrack360": "shared",
              "kubernetes.io/role/elb": "1"
            },
            "tags_all": {
              "Name": "teletrack360-public-b",
              "kubernetes.io/cluster/teletrack360": "shared",
              "kubernetes.io/role/elb": "1"
            },
            "timeouts": null,
            "vpc_id": "vpc-0938e0ab7b1028fc7"
          },
          "sensitive_attributes": [],
          "identity_schema_version": 0,
          "private": "eyJlMmJmYjczMC1lY2FhLTExZTYtOGY4OC0zNDM2M2JjN2M0YzAiOnsiY3JlYXRlIjo2MDAwMDAwMDAwMDAsImRlbGV0ZSI6MTIwMDAwMDAwMDAwMH0sInNjaGVtYV92ZXJzaW9uIjoiMSJ9",
          "dependencies": [
            "aws_vpc.main",
            "data.aws_availability_zones.available"
          ]
        }
      ]
    },
    {
      "mode": "managed",
      "type": "aws_vpc",
      "name": "main",
      "provider": "provider[\"registry.terraform.io/hashicorp/aws\"]",
      "instances": [
        {
          "schema_version": 1,
          "attributes": {
            "arn": "arn:aws:ec2:us-east-1:954976310009:vpc/vpc-0938e0ab7b1028fc7",
            "assign_generated_ipv6_cidr_block": false,
            "cidr_block": "10.0.0.0/16",
            "default_network_acl_id": "acl-098422d28015f60ba",
            "default_route_table_id": "rtb-02e7c0448eccbf87e",
            "default_security_group_id": "sg-065b6d3d0e83d35f8",
            "dhcp_options_id": "dopt-063f96d3fa559e4de",
            "enable_dns_hostnames": true,
            "enable_dns_support": true,
            "enable_network_address_usage_metrics": false,
            "id": "vpc-0938e0ab7b1028fc7",
            "instance_tenancy": "default",
            "ipv4_ipam_pool_id": null,
            "ipv4_netmask_length": null,
            "ipv6_association_id": "",
            "ipv6_cidr_block": "",
            "ipv6_cidr_block_network_border_group": "",
            "ipv6_ipam_pool_id": "",
            "ipv6_netmask_length": 0,
            "main_route_table_id": "rtb-02e7c0448eccbf87e",
            "owner_id": "954976310009",
            "tags": {
              "Name": "teletrack360-vpc",
              "kubernetes.io/cluster/teletrack360": "shared"
            },
            "tags_all": {
              "Name": "teletrack360-vpc",
              "kubernetes.io/cluster/teletrack360": "shared"
            }
          },
          "sensitive_attributes": [],
          "identity_schema_version": 0,
          "private": "eyJzY2hlbWFfdmVyc2lvbiI6IjEifQ=="
        }
      ]
    }
  ],
  "check_results": null
}
